
Microsoft Visual Studio Solution File, Format Version 12.00
# Visual Studio 15
VisualStudioVersion = 15.0.27703.2035
MinimumVisualStudioVersion = 10.0.40219.1
Project("{9A19103F-16F7-4668-BE54-9A1E7A4F7556}") = "MedRecordManager", "MedRecordManager\MedRecordManager.csproj", "{CF5280EF-F3FD-42AF-A244-0D871EFD4FB2}"
EndProject
Project("{9A19103F-16F7-4668-BE54-9A1E7A4F7556}") = "UrgentCareData", "UrgentCareData\UrgentCareData.csproj", "{47550939-7B2A-41C6-B5F5-6EDDD6EB44F6}"
EndProject
Project("{FAE04EC0-301F-11D3-BF4B-00C04F79EFBC}") = "CucmsApi", "CucmsApi\CucmsApi.csproj", "{A3ADB3BB-6E99-4A3B-9514-3822D1672555}"
EndProject
Project("{FAE04EC0-301F-11D3-BF4B-00C04F79EFBC}") = "SourceLoader", "SourceLoader\SourceLoader.csproj", "{2F21F29D-01BC-43F9-A4D9-ED88FF5E58F9}"
EndProject
Project("{FAE04EC0-301F-11D3-BF4B-00C04F79EFBC}") = "PVAMDataService", "PVAMDataService\PVAMDataService.csproj", "{D872DA8F-16C9-491A-837A-2E4582227A6E}"
EndProject
Project("{FAE04EC0-301F-11D3-BF4B-00C04F79EFBC}") = "PracticeVelocityDomain", "PracticeVelocityDomain\PracticeVelocityDomain.csproj", "{D6D7228C-F4CF-493F-86CA-D9F0A4A7998C}"
EndProject
Project("{FAE04EC0-301F-11D3-BF4B-00C04F79EFBC}") = "AdvancedMDDomain", "AdvancedMDDomain\AdvancedMDDomain.csproj", "{7309E350-5505-46FB-B5C4-972173D025F9}"
EndProject
Project("{FAE04EC0-301F-11D3-BF4B-00C04F79EFBC}") = "CucmsCommon", "CucmsCommon\CucmsCommon.csproj", "{B17B29CA-868E-46DD-8CAD-D1D8DF5066FD}"
EndProject
Global
	GlobalSection(SolutionConfigurationPlatforms) = preSolution
		Debug|Any CPU = Debug|Any CPU
		Release|Any CPU = Release|Any CPU
	EndGlobalSection
	GlobalSection(ProjectConfigurationPlatforms) = postSolution
		{CF5280EF-F3FD-42AF-A244-0D871EFD4FB2}.Debug|Any CPU.ActiveCfg = Debug|Any CPU
		{CF5280EF-F3FD-42AF-A244-0D871EFD4FB2}.Debug|Any CPU.Build.0 = Debug|Any CPU
		{CF5280EF-F3FD-42AF-A244-0D871EFD4FB2}.Release|Any CPU.ActiveCfg = Release|Any CPU
		{CF5280EF-F3FD-42AF-A244-0D871EFD4FB2}.Release|Any CPU.Build.0 = Release|Any CPU
		{47550939-7B2A-41C6-B5F5-6EDDD6EB44F6}.Debug|Any CPU.ActiveCfg = Debug|Any CPU
		{47550939-7B2A-41C6-B5F5-6EDDD6EB44F6}.Debug|Any CPU.Build.0 = Debug|Any CPU
		{47550939-7B2A-41C6-B5F5-6EDDD6EB44F6}.Release|Any CPU.ActiveCfg = Release|Any CPU
		{47550939-7B2A-41C6-B5F5-6EDDD6EB44F6}.Release|Any CPU.Build.0 = Release|Any CPU
		{A3ADB3BB-6E99-4A3B-9514-3822D1672555}.Debug|Any CPU.ActiveCfg = Debug|Any CPU
		{A3ADB3BB-6E99-4A3B-9514-3822D1672555}.Debug|Any CPU.Build.0 = Debug|Any CPU
		{A3ADB3BB-6E99-4A3B-9514-3822D1672555}.Release|Any CPU.ActiveCfg = Release|Any CPU
		{A3ADB3BB-6E99-4A3B-9514-3822D1672555}.Release|Any CPU.Build.0 = Release|Any CPU
		{2F21F29D-01BC-43F9-A4D9-ED88FF5E58F9}.Debug|Any CPU.ActiveCfg = Debug|Any CPU
		{2F21F29D-01BC-43F9-A4D9-ED88FF5E58F9}.Debug|Any CPU.Build.0 = Debug|Any CPU
		{2F21F29D-01BC-43F9-A4D9-ED88FF5E58F9}.Release|Any CPU.ActiveCfg = Release|Any CPU
		{2F21F29D-01BC-43F9-A4D9-ED88FF5E58F9}.Release|Any CPU.Build.0 = Release|Any CPU
		{D872DA8F-16C9-491A-837A-2E4582227A6E}.Debug|Any CPU.ActiveCfg = Debug|Any CPU
		{D872DA8F-16C9-491A-837A-2E4582227A6E}.Debug|Any CPU.Build.0 = Debug|Any CPU
		{D872DA8F-16C9-491A-837A-2E4582227A6E}.Release|Any CPU.ActiveCfg = Release|Any CPU
		{D872DA8F-16C9-491A-837A-2E4582227A6E}.Release|Any CPU.Build.0 = Release|Any CPU
		{D6D7228C-F4CF-493F-86CA-D9F0A4A7998C}.Debug|Any CPU.ActiveCfg = Debug|Any CPU
		{D6D7228C-F4CF-493F-86CA-D9F0A4A7998C}.Debug|Any CPU.Build.0 = Debug|Any CPU
		{D6D7228C-F4CF-493F-86CA-D9F0A4A7998C}.Release|Any CPU.ActiveCfg = Release|Any CPU
		{D6D7228C-F4CF-493F-86CA-D9F0A4A7998C}.Release|Any CPU.Build.0 = Release|Any CPU
		{7309E350-5505-46FB-B5C4-972173D025F9}.Debug|Any CPU.ActiveCfg = Debug|Any CPU
		{7309E350-5505-46FB-B5C4-972173D025F9}.Debug|Any CPU.Build.0 = Debug|Any CPU
		{7309E350-5505-46FB-B5C4-972173D025F9}.Release|Any CPU.ActiveCfg = Release|Any CPU
		{7309E350-5505-46FB-B5C4-972173D025F9}.Release|Any CPU.Build.0 = Release|Any CPU
		{B17B29CA-868E-46DD-8CAD-D1D8DF5066FD}.Debug|Any CPU.ActiveCfg = Debug|Any CPU
		{B17B29CA-868E-46DD-8CAD-D1D8DF5066FD}.Debug|Any CPU.Build.0 = Debug|Any CPU
		{B17B29CA-868E-46DD-8CAD-D1D8DF5066FD}.Release|Any CPU.ActiveCfg = Release|Any CPU
		{B17B29CA-868E-46DD-8CAD-D1D8DF5066FD}.Release|Any CPU.Build.0 = Release|Any CPU
	EndGlobalSection
	GlobalSection(SolutionProperties) = preSolution
		HideSolutionNode = FALSE
	EndGlobalSection
	GlobalSection(ExtensibilityGlobals) = postSolution
		SolutionGuid = {BC1567F8-F61F-4B4D-9B2A-3FF301D38325}
	EndGlobalSection
EndGlobal
