
Microsoft Visual Studio Solution File, Format Version 12.00
# Visual Studio Version 16
VisualStudioVersion = 16.0.29519.181
MinimumVisualStudioVersion = 10.0.40219.1
Project("{9A19103F-16F7-4668-BE54-9A1E7A4F7556}") = "MedRecordManager", "MedRecordManager\MedRecordManager.csproj", "{CF5280EF-F3FD-42AF-A244-0D871EFD4FB2}"
EndProject
Project("{9A19103F-16F7-4668-BE54-9A1E7A4F7556}") = "UrgentCareData", "UrgentCareData\UrgentCareData.csproj", "{47550939-7B2A-41C6-B5F5-6EDDD6EB44F6}"
EndProject
Project("{9A19103F-16F7-4668-BE54-9A1E7A4F7556}") = "PracticeVelocityDomain", "PracticeVelocityDomain\PracticeVelocityDomain.csproj", "{D6D7228C-F4CF-493F-86CA-D9F0A4A7998C}"
EndProject
Project("{9A19103F-16F7-4668-BE54-9A1E7A4F7556}") = "AdvancedMDDomain", "AdvancedMDDomain\AdvancedMDDomain.csproj", "{7309E350-5505-46FB-B5C4-972173D025F9}"
EndProject
Project("{9A19103F-16F7-4668-BE54-9A1E7A4F7556}") = "CucmsCommon", "CucmsCommon\CucmsCommon.csproj", "{B17B29CA-868E-46DD-8CAD-D1D8DF5066FD}"
EndProject
Project("{9A19103F-16F7-4668-BE54-9A1E7A4F7556}") = "AdvancedMDService", "AdvancedMDService\AdvancedMDService.csproj", "{ABD4E03E-AFBF-4DCF-BD7B-49E9386B8AE8}"
EndProject
Project("{9A19103F-16F7-4668-BE54-9A1E7A4F7556}") = "CucmsService", "CucmsService\CucmsService.csproj", "{B33A6A9F-AC79-4852-8850-9F2627487420}"
EndProject
Project("{9A19103F-16F7-4668-BE54-9A1E7A4F7556}") = "AdvancedMDServiceTest", "AdvancedMDServiceTest\AdvancedMDServiceTest.csproj", "{0CF594AF-0E88-4720-B0C1-4208B8B75F7B}"
EndProject
Global
	GlobalSection(SolutionConfigurationPlatforms) = preSolution
		Debug|Any CPU = Debug|Any CPU
		Release|Any CPU = Release|Any CPU
	EndGlobalSection
	GlobalSection(ProjectConfigurationPlatforms) = postSolution
		{CF5280EF-F3FD-42AF-A244-0D871EFD4FB2}.Debug|Any CPU.ActiveCfg = Debug|Any CPU
		{CF5280EF-F3FD-42AF-A244-0D871EFD4FB2}.Debug|Any CPU.Build.0 = Debug|Any CPU
		{CF5280EF-F3FD-42AF-A244-0D871EFD4FB2}.Release|Any CPU.ActiveCfg = Release|Any CPU
		{CF5280EF-F3FD-42AF-A244-0D871EFD4FB2}.Release|Any CPU.Build.0 = Release|Any CPU
		{47550939-7B2A-41C6-B5F5-6EDDD6EB44F6}.Debug|Any CPU.ActiveCfg = Debug|Any CPU
		{47550939-7B2A-41C6-B5F5-6EDDD6EB44F6}.Debug|Any CPU.Build.0 = Debug|Any CPU
		{47550939-7B2A-41C6-B5F5-6EDDD6EB44F6}.Release|Any CPU.ActiveCfg = Release|Any CPU
		{47550939-7B2A-41C6-B5F5-6EDDD6EB44F6}.Release|Any CPU.Build.0 = Release|Any CPU
		{D6D7228C-F4CF-493F-86CA-D9F0A4A7998C}.Debug|Any CPU.ActiveCfg = Debug|Any CPU
		{D6D7228C-F4CF-493F-86CA-D9F0A4A7998C}.Debug|Any CPU.Build.0 = Debug|Any CPU
		{D6D7228C-F4CF-493F-86CA-D9F0A4A7998C}.Release|Any CPU.ActiveCfg = Release|Any CPU
		{D6D7228C-F4CF-493F-86CA-D9F0A4A7998C}.Release|Any CPU.Build.0 = Release|Any CPU
		{7309E350-5505-46FB-B5C4-972173D025F9}.Debug|Any CPU.ActiveCfg = Debug|Any CPU
		{7309E350-5505-46FB-B5C4-972173D025F9}.Debug|Any CPU.Build.0 = Debug|Any CPU
		{7309E350-5505-46FB-B5C4-972173D025F9}.Release|Any CPU.ActiveCfg = Release|Any CPU
		{7309E350-5505-46FB-B5C4-972173D025F9}.Release|Any CPU.Build.0 = Release|Any CPU
		{B17B29CA-868E-46DD-8CAD-D1D8DF5066FD}.Debug|Any CPU.ActiveCfg = Debug|Any CPU
		{B17B29CA-868E-46DD-8CAD-D1D8DF5066FD}.Debug|Any CPU.Build.0 = Debug|Any CPU
		{B17B29CA-868E-46DD-8CAD-D1D8DF5066FD}.Release|Any CPU.ActiveCfg = Release|Any CPU
		{B17B29CA-868E-46DD-8CAD-D1D8DF5066FD}.Release|Any CPU.Build.0 = Release|Any CPU
		{ABD4E03E-AFBF-4DCF-BD7B-49E9386B8AE8}.Debug|Any CPU.ActiveCfg = Debug|Any CPU
		{ABD4E03E-AFBF-4DCF-BD7B-49E9386B8AE8}.Debug|Any CPU.Build.0 = Debug|Any CPU
		{ABD4E03E-AFBF-4DCF-BD7B-49E9386B8AE8}.Release|Any CPU.ActiveCfg = Release|Any CPU
		{ABD4E03E-AFBF-4DCF-BD7B-49E9386B8AE8}.Release|Any CPU.Build.0 = Release|Any CPU
		{B33A6A9F-AC79-4852-8850-9F2627487420}.Debug|Any CPU.ActiveCfg = Debug|Any CPU
		{B33A6A9F-AC79-4852-8850-9F2627487420}.Debug|Any CPU.Build.0 = Debug|Any CPU
		{B33A6A9F-AC79-4852-8850-9F2627487420}.Release|Any CPU.ActiveCfg = Release|Any CPU
		{B33A6A9F-AC79-4852-8850-9F2627487420}.Release|Any CPU.Build.0 = Release|Any CPU
		{0CF594AF-0E88-4720-B0C1-4208B8B75F7B}.Debug|Any CPU.ActiveCfg = Debug|Any CPU
		{0CF594AF-0E88-4720-B0C1-4208B8B75F7B}.Debug|Any CPU.Build.0 = Debug|Any CPU
		{0CF594AF-0E88-4720-B0C1-4208B8B75F7B}.Release|Any CPU.ActiveCfg = Release|Any CPU
		{0CF594AF-0E88-4720-B0C1-4208B8B75F7B}.Release|Any CPU.Build.0 = Release|Any CPU
	EndGlobalSection
	GlobalSection(SolutionProperties) = preSolution
		HideSolutionNode = FALSE
	EndGlobalSection
	GlobalSection(ExtensibilityGlobals) = postSolution
		SolutionGuid = {BC1567F8-F61F-4B4D-9B2A-3FF301D38325}
	EndGlobalSection
EndGlobal
